// !$*UTF8*$!
{
	archiveVersion = 1;
	classes = {
	};
	objectVersion = 46;
	objects = {

/* Begin PBXBuildFile section */
		5E2D94D719A1C7F200C9EB16 /* Foundation.framework in Frameworks */ = {isa = PBXBuildFile; fileRef = 5E2D94D619A1C7F200C9EB16 /* Foundation.framework */; };
		5E2D94D919A1C7F200C9EB16 /* CoreGraphics.framework in Frameworks */ = {isa = PBXBuildFile; fileRef = 5E2D94D819A1C7F200C9EB16 /* CoreGraphics.framework */; };
		5E2D94DB19A1C7F200C9EB16 /* UIKit.framework in Frameworks */ = {isa = PBXBuildFile; fileRef = 5E2D94DA19A1C7F200C9EB16 /* UIKit.framework */; };
		5E2D94DD19A1C7F200C9EB16 /* CoreData.framework in Frameworks */ = {isa = PBXBuildFile; fileRef = 5E2D94DC19A1C7F200C9EB16 /* CoreData.framework */; };
		5E2D94E319A1C7F200C9EB16 /* InfoPlist.strings in Resources */ = {isa = PBXBuildFile; fileRef = 5E2D94E119A1C7F200C9EB16 /* InfoPlist.strings */; };
		5E2D94E519A1C7F200C9EB16 /* main.m in Sources */ = {isa = PBXBuildFile; fileRef = 5E2D94E419A1C7F200C9EB16 /* main.m */; };
		5E2D94E919A1C7F200C9EB16 /* AppDelegate.m in Sources */ = {isa = PBXBuildFile; fileRef = 5E2D94E819A1C7F200C9EB16 /* AppDelegate.m */; };
		5E2D94EC19A1C7F200C9EB16 /* app.xcdatamodeld in Sources */ = {isa = PBXBuildFile; fileRef = 5E2D94EA19A1C7F200C9EB16 /* app.xcdatamodeld */; };
		5E2D94EE19A1C7F200C9EB16 /* Images.xcassets in Resources */ = {isa = PBXBuildFile; fileRef = 5E2D94ED19A1C7F200C9EB16 /* Images.xcassets */; };
		5E2D94F519A1C7F200C9EB16 /* XCTest.framework in Frameworks */ = {isa = PBXBuildFile; fileRef = 5E2D94F419A1C7F200C9EB16 /* XCTest.framework */; };
		5E2D94F619A1C7F200C9EB16 /* Foundation.framework in Frameworks */ = {isa = PBXBuildFile; fileRef = 5E2D94D619A1C7F200C9EB16 /* Foundation.framework */; };
		5E2D94F719A1C7F200C9EB16 /* UIKit.framework in Frameworks */ = {isa = PBXBuildFile; fileRef = 5E2D94DA19A1C7F200C9EB16 /* UIKit.framework */; };
		5E2D94F819A1C7F200C9EB16 /* CoreData.framework in Frameworks */ = {isa = PBXBuildFile; fileRef = 5E2D94DC19A1C7F200C9EB16 /* CoreData.framework */; };
		5E2D950019A1C7F200C9EB16 /* InfoPlist.strings in Resources */ = {isa = PBXBuildFile; fileRef = 5E2D94FE19A1C7F200C9EB16 /* InfoPlist.strings */; };
		5E2D950219A1C7F200C9EB16 /* appTests.m in Sources */ = {isa = PBXBuildFile; fileRef = 5E2D950119A1C7F200C9EB16 /* appTests.m */; };
		5EB87DEE19DA2E5D00A4F5EF /* WatchPlayerController.m in Sources */ = {isa = PBXBuildFile; fileRef = 5EB87DED19DA2E5D00A4F5EF /* WatchPlayerController.m */; };
		5ECEE79D19C8488F002E71F7 /* IpadGridViewCell.m in Sources */ = {isa = PBXBuildFile; fileRef = 5ECEE79C19C8488F002E71F7 /* IpadGridViewCell.m */; };
		5ECEE79F19C848A0002E71F7 /* IpadGridViewCell.xib in Resources */ = {isa = PBXBuildFile; fileRef = 5ECEE79E19C848A0002E71F7 /* IpadGridViewCell.xib */; };
		5ECEE7A419C84B27002E71F7 /* cover.png in Resources */ = {isa = PBXBuildFile; fileRef = 5ECEE7A319C84B27002E71F7 /* cover.png */; };
		5ECEE7AA19C84CC9002E71F7 /* mt_video_rating_count.png in Resources */ = {isa = PBXBuildFile; fileRef = 5ECEE7A619C84CC9002E71F7 /* mt_video_rating_count.png */; };
		5ECEE7AB19C84CC9002E71F7 /* mt_video_rating_count@2x.png in Resources */ = {isa = PBXBuildFile; fileRef = 5ECEE7A719C84CC9002E71F7 /* mt_video_rating_count@2x.png */; };
		5ECEE7AC19C84CC9002E71F7 /* mt_video_view_count.png in Resources */ = {isa = PBXBuildFile; fileRef = 5ECEE7A819C84CC9002E71F7 /* mt_video_view_count.png */; };
		5ECEE7AD19C84CC9002E71F7 /* mt_video_view_count@2x.png in Resources */ = {isa = PBXBuildFile; fileRef = 5ECEE7A919C84CC9002E71F7 /* mt_video_view_count@2x.png */; };
		5ECEE7AF19C84DE5002E71F7 /* header.png in Resources */ = {isa = PBXBuildFile; fileRef = 5ECEE7AE19C84DE5002E71F7 /* header.png */; };
		65B8C00559DE91DB46A39122 /* tab_more.png in Resources */ = {isa = PBXBuildFile; fileRef = 65B8C4D78EDF6437184F5404 /* tab_more.png */; };
		65B8C0E49C5596D74565FEBF /* ViewController.m in Sources */ = {isa = PBXBuildFile; fileRef = 65B8C733861CB0D2723E72FD /* ViewController.m */; };
		65B8C190C1609AA1D6BD479A /* tab_cache.png in Resources */ = {isa = PBXBuildFile; fileRef = 65B8CB42B69C69AE5D94BED1 /* tab_cache.png */; };
		65B8C3E97512AC3361B02D6A /* tab_history.png in Resources */ = {isa = PBXBuildFile; fileRef = 65B8C70B0DB1B202D96A09B0 /* tab_history.png */; };
		65B8C46F1E00C0509FF1D082 /* Main_iPhone.storyboard in Resources */ = {isa = PBXBuildFile; fileRef = 65B8CF27507B833BB83809DD /* Main_iPhone.storyboard */; };
		65B8C4A90756A16C79A27B89 /* Main_iPad.storyboard in Resources */ = {isa = PBXBuildFile; fileRef = 65B8C69DD46ECBC9FC90413E /* Main_iPad.storyboard */; };
		65B8C519C986899AA7276F3F /* tab_history@2x.png in Resources */ = {isa = PBXBuildFile; fileRef = 65B8C616C5444A3B1CF18401 /* tab_history@2x.png */; };
		65B8C6450ABFF8908139C17D /* HomeViewController.m in Sources */ = {isa = PBXBuildFile; fileRef = 65B8C28183203DA4FE1DE2EF /* HomeViewController.m */; };
		65B8C66EA04CEE90531EAF5F /* tab_home@2x.png in Resources */ = {isa = PBXBuildFile; fileRef = 65B8C420210AB461673E2742 /* tab_home@2x.png */; };
		65B8C8A45CF379E9F0F16E1B /* tab_home.png in Resources */ = {isa = PBXBuildFile; fileRef = 65B8CDCCAB411D6C23622DA3 /* tab_home.png */; };
		65B8CA7CCA08CCDD017A6DED /* SearchViewController.m in Sources */ = {isa = PBXBuildFile; fileRef = 65B8C5005BD82BDEC02C152C /* SearchViewController.m */; };
		65B8CB90B08F3A8F2126A8B6 /* tab_cache@2x.png in Resources */ = {isa = PBXBuildFile; fileRef = 65B8C9FB76BC98F05B938174 /* tab_cache@2x.png */; };
		65B8CD9AA4E07D901583CF2F /* HistoryViewController.m in Sources */ = {isa = PBXBuildFile; fileRef = 65B8C224D1C20725EF7BED12 /* HistoryViewController.m */; };
		65B8CDCDBA585EBE3D41A2B0 /* tab_more@2x.png in Resources */ = {isa = PBXBuildFile; fileRef = 65B8CBBD4B75CD9E4F885787 /* tab_more@2x.png */; };
		65B8CED63133E9D79A0EA12D /* tab_search@2x.png in Resources */ = {isa = PBXBuildFile; fileRef = 65B8C10AC1B27E95C12B8844 /* tab_search@2x.png */; };
		65B8CF9645A0147D477CF54A /* tab_search.png in Resources */ = {isa = PBXBuildFile; fileRef = 65B8C921D1A98537B9392363 /* tab_search.png */; };
		D67E236FC33A4CBDA867579F /* libPods.a in Frameworks */ = {isa = PBXBuildFile; fileRef = 54F6691D477B4FDF86387DC9 /* libPods.a */; };
/* End PBXBuildFile section */

/* Begin PBXContainerItemProxy section */
		5E2D94F919A1C7F200C9EB16 /* PBXContainerItemProxy */ = {
			isa = PBXContainerItemProxy;
			containerPortal = 5E2D94CB19A1C7F200C9EB16 /* Project object */;
			proxyType = 1;
			remoteGlobalIDString = 5E2D94D219A1C7F200C9EB16;
			remoteInfo = app;
		};
/* End PBXContainerItemProxy section */

/* Begin PBXFileReference section */
		498C4A8E7461F2089155F0B8 /* Pods.release.xcconfig */ = {isa = PBXFileReference; includeInIndex = 1; lastKnownFileType = text.xcconfig; name = Pods.release.xcconfig; path = "Pods/Target Support Files/Pods/Pods.release.xcconfig"; sourceTree = "<group>"; };
		54F6691D477B4FDF86387DC9 /* libPods.a */ = {isa = PBXFileReference; explicitFileType = archive.ar; includeInIndex = 0; path = libPods.a; sourceTree = BUILT_PRODUCTS_DIR; };
		5E2D94D619A1C7F200C9EB16 /* Foundation.framework */ = {isa = PBXFileReference; lastKnownFileType = wrapper.framework; name = Foundation.framework; path = System/Library/Frameworks/Foundation.framework; sourceTree = SDKROOT; };
		5E2D94D819A1C7F200C9EB16 /* CoreGraphics.framework */ = {isa = PBXFileReference; lastKnownFileType = wrapper.framework; name = CoreGraphics.framework; path = System/Library/Frameworks/CoreGraphics.framework; sourceTree = SDKROOT; };
		5E2D94DA19A1C7F200C9EB16 /* UIKit.framework */ = {isa = PBXFileReference; lastKnownFileType = wrapper.framework; name = UIKit.framework; path = System/Library/Frameworks/UIKit.framework; sourceTree = SDKROOT; };
		5E2D94DC19A1C7F200C9EB16 /* CoreData.framework */ = {isa = PBXFileReference; lastKnownFileType = wrapper.framework; name = CoreData.framework; path = System/Library/Frameworks/CoreData.framework; sourceTree = SDKROOT; };
		5E2D94E019A1C7F200C9EB16 /* app-Info.plist */ = {isa = PBXFileReference; lastKnownFileType = text.plist.xml; path = "app-Info.plist"; sourceTree = "<group>"; };
		5E2D94E219A1C7F200C9EB16 /* en */ = {isa = PBXFileReference; lastKnownFileType = text.plist.strings; name = en; path = en.lproj/InfoPlist.strings; sourceTree = "<group>"; };
		5E2D94E419A1C7F200C9EB16 /* main.m */ = {isa = PBXFileReference; lastKnownFileType = sourcecode.c.objc; path = main.m; sourceTree = "<group>"; };
		5E2D94E619A1C7F200C9EB16 /* app-Prefix.pch */ = {isa = PBXFileReference; lastKnownFileType = sourcecode.c.h; path = "app-Prefix.pch"; sourceTree = "<group>"; };
		5E2D94E719A1C7F200C9EB16 /* AppDelegate.h */ = {isa = PBXFileReference; lastKnownFileType = sourcecode.c.h; path = AppDelegate.h; sourceTree = "<group>"; };
		5E2D94E819A1C7F200C9EB16 /* AppDelegate.m */ = {isa = PBXFileReference; lastKnownFileType = sourcecode.c.objc; path = AppDelegate.m; sourceTree = "<group>"; };
		5E2D94EB19A1C7F200C9EB16 /* app.xcdatamodel */ = {isa = PBXFileReference; lastKnownFileType = wrapper.xcdatamodel; path = app.xcdatamodel; sourceTree = "<group>"; };
		5E2D94ED19A1C7F200C9EB16 /* Images.xcassets */ = {isa = PBXFileReference; lastKnownFileType = folder.assetcatalog; path = Images.xcassets; sourceTree = "<group>"; };
		5E2D94F419A1C7F200C9EB16 /* XCTest.framework */ = {isa = PBXFileReference; lastKnownFileType = wrapper.framework; name = XCTest.framework; path = Library/Frameworks/XCTest.framework; sourceTree = DEVELOPER_DIR; };
		5E2D94FD19A1C7F200C9EB16 /* appTests-Info.plist */ = {isa = PBXFileReference; lastKnownFileType = text.plist.xml; path = "appTests-Info.plist"; sourceTree = "<group>"; };
		5E2D94FF19A1C7F200C9EB16 /* en */ = {isa = PBXFileReference; lastKnownFileType = text.plist.strings; name = en; path = en.lproj/InfoPlist.strings; sourceTree = "<group>"; };
		5E2D950119A1C7F200C9EB16 /* appTests.m */ = {isa = PBXFileReference; lastKnownFileType = sourcecode.c.objc; path = appTests.m; sourceTree = "<group>"; };
		5EB87DEC19DA2E5D00A4F5EF /* WatchPlayerController.h */ = {isa = PBXFileReference; fileEncoding = 4; lastKnownFileType = sourcecode.c.h; path = WatchPlayerController.h; sourceTree = "<group>"; };
		5EB87DED19DA2E5D00A4F5EF /* WatchPlayerController.m */ = {isa = PBXFileReference; fileEncoding = 4; lastKnownFileType = sourcecode.c.objc; path = WatchPlayerController.m; sourceTree = "<group>"; };
		5ECEE79B19C8488F002E71F7 /* IpadGridViewCell.h */ = {isa = PBXFileReference; fileEncoding = 4; lastKnownFileType = sourcecode.c.h; path = IpadGridViewCell.h; sourceTree = "<group>"; };
		5ECEE79C19C8488F002E71F7 /* IpadGridViewCell.m */ = {isa = PBXFileReference; fileEncoding = 4; lastKnownFileType = sourcecode.c.objc; path = IpadGridViewCell.m; sourceTree = "<group>"; };
		5ECEE79E19C848A0002E71F7 /* IpadGridViewCell.xib */ = {isa = PBXFileReference; fileEncoding = 4; lastKnownFileType = file.xib; path = IpadGridViewCell.xib; sourceTree = "<group>"; };
		5ECEE7A319C84B27002E71F7 /* cover.png */ = {isa = PBXFileReference; lastKnownFileType = image.png; name = cover.png; path = test/cover.png; sourceTree = "<group>"; };
		5ECEE7A619C84CC9002E71F7 /* mt_video_rating_count.png */ = {isa = PBXFileReference; lastKnownFileType = image.png; name = mt_video_rating_count.png; path = gridview/mt_video_rating_count.png; sourceTree = "<group>"; };
		5ECEE7A719C84CC9002E71F7 /* mt_video_rating_count@2x.png */ = {isa = PBXFileReference; lastKnownFileType = image.png; name = "mt_video_rating_count@2x.png"; path = "gridview/mt_video_rating_count@2x.png"; sourceTree = "<group>"; };
		5ECEE7A819C84CC9002E71F7 /* mt_video_view_count.png */ = {isa = PBXFileReference; lastKnownFileType = image.png; name = mt_video_view_count.png; path = gridview/mt_video_view_count.png; sourceTree = "<group>"; };
		5ECEE7A919C84CC9002E71F7 /* mt_video_view_count@2x.png */ = {isa = PBXFileReference; lastKnownFileType = image.png; name = "mt_video_view_count@2x.png"; path = "gridview/mt_video_view_count@2x.png"; sourceTree = "<group>"; };
		5ECEE7AE19C84DE5002E71F7 /* header.png */ = {isa = PBXFileReference; lastKnownFileType = image.png; name = header.png; path = test/header.png; sourceTree = "<group>"; };
		65B8C10AC1B27E95C12B8844 /* tab_search@2x.png */ = {isa = PBXFileReference; lastKnownFileType = image.png; path = "tab_search@2x.png"; sourceTree = "<group>"; };
		65B8C1A5D6DC5349710E26B2 /* appTests.xctest */ = {isa = PBXFileReference; lastKnownFileType = file.xctest; name = appTests.xctest; path = "../../../../../../djzhang/Library/Caches/appCode30/DerivedData/app-aca0d37e/Build/Products/Debug-iphonesimulator/appTests.xctest"; sourceTree = "<group>"; };
		65B8C224D1C20725EF7BED12 /* HistoryViewController.m */ = {isa = PBXFileReference; fileEncoding = 4; lastKnownFileType = sourcecode.c.objc; path = HistoryViewController.m; sourceTree = "<group>"; };
		65B8C28183203DA4FE1DE2EF /* HomeViewController.m */ = {isa = PBXFileReference; fileEncoding = 4; lastKnownFileType = sourcecode.c.objc; path = HomeViewController.m; sourceTree = "<group>"; };
		65B8C420210AB461673E2742 /* tab_home@2x.png */ = {isa = PBXFileReference; lastKnownFileType = image.png; path = "tab_home@2x.png"; sourceTree = "<group>"; };
		65B8C44C379858D9D77E7D7D /* HomeViewController.h */ = {isa = PBXFileReference; fileEncoding = 4; lastKnownFileType = sourcecode.c.h; path = HomeViewController.h; sourceTree = "<group>"; };
		65B8C4A0B8D4D8AF67406DC7 /* app.app */ = {isa = PBXFileReference; lastKnownFileType = wrapper.application; name = app.app; path = "../../../../../../djzhang/Library/Caches/appCode30/DerivedData/app-aca0d37e/Build/Products/Debug-iphonesimulator/app.app"; sourceTree = "<group>"; };
		65B8C4D78EDF6437184F5404 /* tab_more.png */ = {isa = PBXFileReference; lastKnownFileType = image.png; path = tab_more.png; sourceTree = "<group>"; };
		65B8C5005BD82BDEC02C152C /* SearchViewController.m */ = {isa = PBXFileReference; fileEncoding = 4; lastKnownFileType = sourcecode.c.objc; path = SearchViewController.m; sourceTree = "<group>"; };
		65B8C616C5444A3B1CF18401 /* tab_history@2x.png */ = {isa = PBXFileReference; lastKnownFileType = image.png; path = "tab_history@2x.png"; sourceTree = "<group>"; };
		65B8C70B0DB1B202D96A09B0 /* tab_history.png */ = {isa = PBXFileReference; lastKnownFileType = image.png; path = tab_history.png; sourceTree = "<group>"; };
		65B8C733861CB0D2723E72FD /* ViewController.m */ = {isa = PBXFileReference; fileEncoding = 4; lastKnownFileType = sourcecode.c.objc; path = ViewController.m; sourceTree = "<group>"; };
		65B8C7FA8AA1123E3AC1C1C2 /* SearchViewController.h */ = {isa = PBXFileReference; fileEncoding = 4; lastKnownFileType = sourcecode.c.h; path = SearchViewController.h; sourceTree = "<group>"; };
		65B8C921D1A98537B9392363 /* tab_search.png */ = {isa = PBXFileReference; lastKnownFileType = image.png; path = tab_search.png; sourceTree = "<group>"; };
		65B8C9FB76BC98F05B938174 /* tab_cache@2x.png */ = {isa = PBXFileReference; lastKnownFileType = image.png; path = "tab_cache@2x.png"; sourceTree = "<group>"; };
		65B8CB2418B910E8C9318F11 /* Base */ = {isa = PBXFileReference; lastKnownFileType = file.storyboard; name = Base; path = Base.lproj/Main_iPad.storyboard; sourceTree = "<group>"; };
		65B8CB42B69C69AE5D94BED1 /* tab_cache.png */ = {isa = PBXFileReference; lastKnownFileType = image.png; path = tab_cache.png; sourceTree = "<group>"; };
		65B8CBBD4B75CD9E4F885787 /* tab_more@2x.png */ = {isa = PBXFileReference; lastKnownFileType = image.png; path = "tab_more@2x.png"; sourceTree = "<group>"; };
		65B8CD04FE957C4CE7838109 /* Base */ = {isa = PBXFileReference; lastKnownFileType = file.storyboard; name = Base; path = Base.lproj/Main_iPhone.storyboard; sourceTree = "<group>"; };
		65B8CDCCAB411D6C23622DA3 /* tab_home.png */ = {isa = PBXFileReference; lastKnownFileType = image.png; path = tab_home.png; sourceTree = "<group>"; };
		65B8CE1168DE84DE1F99CB45 /* HistoryViewController.h */ = {isa = PBXFileReference; fileEncoding = 4; lastKnownFileType = sourcecode.c.h; path = HistoryViewController.h; sourceTree = "<group>"; };
		65B8CE3F1B0DC56D59F9AF38 /* ViewController.h */ = {isa = PBXFileReference; fileEncoding = 4; lastKnownFileType = sourcecode.c.h; path = ViewController.h; sourceTree = "<group>"; };
		DB77B0A9E568702B2BC13870 /* Pods.debug.xcconfig */ = {isa = PBXFileReference; includeInIndex = 1; lastKnownFileType = text.xcconfig; name = Pods.debug.xcconfig; path = "Pods/Target Support Files/Pods/Pods.debug.xcconfig"; sourceTree = "<group>"; };
/* End PBXFileReference section */

/* Begin PBXFrameworksBuildPhase section */
		5E2D94D019A1C7F200C9EB16 /* Frameworks */ = {
			isa = PBXFrameworksBuildPhase;
			buildActionMask = 2147483647;
			files = (
				5E2D94D919A1C7F200C9EB16 /* CoreGraphics.framework in Frameworks */,
				5E2D94DD19A1C7F200C9EB16 /* CoreData.framework in Frameworks */,
				5E2D94DB19A1C7F200C9EB16 /* UIKit.framework in Frameworks */,
				5E2D94D719A1C7F200C9EB16 /* Foundation.framework in Frameworks */,
				D67E236FC33A4CBDA867579F /* libPods.a in Frameworks */,
			);
			runOnlyForDeploymentPostprocessing = 0;
		};
		5E2D94F019A1C7F200C9EB16 /* Frameworks */ = {
			isa = PBXFrameworksBuildPhase;
			buildActionMask = 2147483647;
			files = (
				5E2D94F519A1C7F200C9EB16 /* XCTest.framework in Frameworks */,
				5E2D94F819A1C7F200C9EB16 /* CoreData.framework in Frameworks */,
				5E2D94F719A1C7F200C9EB16 /* UIKit.framework in Frameworks */,
				5E2D94F619A1C7F200C9EB16 /* Foundation.framework in Frameworks */,
			);
			runOnlyForDeploymentPostprocessing = 0;
		};
/* End PBXFrameworksBuildPhase section */

/* Begin PBXGroup section */
		0511FA2E73FC7E0E4AF4D206 /* Pods */ = {
			isa = PBXGroup;
			children = (
				DB77B0A9E568702B2BC13870 /* Pods.debug.xcconfig */,
				498C4A8E7461F2089155F0B8 /* Pods.release.xcconfig */,
			);
			name = Pods;
			sourceTree = "<group>";
		};
		5E2D94CA19A1C7F200C9EB16 = {
			isa = PBXGroup;
			children = (
				5E2D94DE19A1C7F200C9EB16 /* app */,
				5E2D94FB19A1C7F200C9EB16 /* appTests */,
				5E2D94D519A1C7F200C9EB16 /* Frameworks */,
				0511FA2E73FC7E0E4AF4D206 /* Pods */,
			);
			sourceTree = "<group>";
		};
		5E2D94D519A1C7F200C9EB16 /* Frameworks */ = {
			isa = PBXGroup;
			children = (
				5E2D94D619A1C7F200C9EB16 /* Foundation.framework */,
				5E2D94D819A1C7F200C9EB16 /* CoreGraphics.framework */,
				5E2D94DA19A1C7F200C9EB16 /* UIKit.framework */,
				5E2D94DC19A1C7F200C9EB16 /* CoreData.framework */,
				5E2D94F419A1C7F200C9EB16 /* XCTest.framework */,
				54F6691D477B4FDF86387DC9 /* libPods.a */,
			);
			name = Frameworks;
			sourceTree = "<group>";
		};
		5E2D94DE19A1C7F200C9EB16 /* app */ = {
			isa = PBXGroup;
			children = (
				5ECEE79A19C84851002E71F7 /* cell */,
				5E2D94E719A1C7F200C9EB16 /* AppDelegate.h */,
				5E2D94E819A1C7F200C9EB16 /* AppDelegate.m */,
				5E2D94ED19A1C7F200C9EB16 /* Images.xcassets */,
				5E2D94EA19A1C7F200C9EB16 /* app.xcdatamodeld */,
				5E2D94DF19A1C7F200C9EB16 /* Supporting Files */,
				65B8CB0736F7CD93977D8DFD /* Resources */,
				65B8C7FA8AA1123E3AC1C1C2 /* SearchViewController.h */,
				65B8C5005BD82BDEC02C152C /* SearchViewController.m */,
				65B8CE1168DE84DE1F99CB45 /* HistoryViewController.h */,
				65B8C224D1C20725EF7BED12 /* HistoryViewController.m */,
				65B8CE3F1B0DC56D59F9AF38 /* ViewController.h */,
				65B8C733861CB0D2723E72FD /* ViewController.m */,
				65B8C44C379858D9D77E7D7D /* HomeViewController.h */,
				65B8C28183203DA4FE1DE2EF /* HomeViewController.m */,
				65B8C69DD46ECBC9FC90413E /* Main_iPad.storyboard */,
				65B8CF27507B833BB83809DD /* Main_iPhone.storyboard */,
				65B8CA604BA644D79FE5DADA /* watch */,
			);
			path = app;
			sourceTree = "<group>";
		};
		5E2D94DF19A1C7F200C9EB16 /* Supporting Files */ = {
			isa = PBXGroup;
			children = (
				5E2D94E019A1C7F200C9EB16 /* app-Info.plist */,
				5E2D94E119A1C7F200C9EB16 /* InfoPlist.strings */,
				5E2D94E419A1C7F200C9EB16 /* main.m */,
				5E2D94E619A1C7F200C9EB16 /* app-Prefix.pch */,
			);
			name = "Supporting Files";
			sourceTree = "<group>";
		};
		5E2D94FB19A1C7F200C9EB16 /* appTests */ = {
			isa = PBXGroup;
			children = (
				5E2D950119A1C7F200C9EB16 /* appTests.m */,
				5E2D94FC19A1C7F200C9EB16 /* Supporting Files */,
				65B8C676ADECBF2AF88C7F3F /* Products */,
			);
			path = appTests;
			sourceTree = "<group>";
		};
		5E2D94FC19A1C7F200C9EB16 /* Supporting Files */ = {
			isa = PBXGroup;
			children = (
				5E2D94FD19A1C7F200C9EB16 /* appTests-Info.plist */,
				5E2D94FE19A1C7F200C9EB16 /* InfoPlist.strings */,
			);
			name = "Supporting Files";
			sourceTree = "<group>";
		};
		5ECEE79A19C84851002E71F7 /* cell */ = {
			isa = PBXGroup;
			children = (
				5ECEE79B19C8488F002E71F7 /* IpadGridViewCell.h */,
				5ECEE79C19C8488F002E71F7 /* IpadGridViewCell.m */,
				5ECEE79E19C848A0002E71F7 /* IpadGridViewCell.xib */,
			);
			name = cell;
			sourceTree = "<group>";
		};
		5ECEE7A219C84B1E002E71F7 /* test */ = {
			isa = PBXGroup;
			children = (
				5ECEE7AE19C84DE5002E71F7 /* header.png */,
				5ECEE7A319C84B27002E71F7 /* cover.png */,
			);
			name = test;
			sourceTree = "<group>";
		};
		5ECEE7A519C84CC0002E71F7 /* gridview */ = {
			isa = PBXGroup;
			children = (
				5ECEE7A619C84CC9002E71F7 /* mt_video_rating_count.png */,
				5ECEE7A719C84CC9002E71F7 /* mt_video_rating_count@2x.png */,
				5ECEE7A819C84CC9002E71F7 /* mt_video_view_count.png */,
				5ECEE7A919C84CC9002E71F7 /* mt_video_view_count@2x.png */,
			);
			name = gridview;
			sourceTree = "<group>";
		};
		65B8C438B748B20C1EA8FEBE /* Tabs */ = {
			isa = PBXGroup;
			children = (
				65B8CDCCAB411D6C23622DA3 /* tab_home.png */,
				65B8C4D78EDF6437184F5404 /* tab_more.png */,
				65B8CB42B69C69AE5D94BED1 /* tab_cache.png */,
				65B8C70B0DB1B202D96A09B0 /* tab_history.png */,
				65B8C420210AB461673E2742 /* tab_home@2x.png */,
				65B8CBBD4B75CD9E4F885787 /* tab_more@2x.png */,
				65B8C9FB76BC98F05B938174 /* tab_cache@2x.png */,
				65B8C616C5444A3B1CF18401 /* tab_history@2x.png */,
				65B8C921D1A98537B9392363 /* tab_search.png */,
				65B8C10AC1B27E95C12B8844 /* tab_search@2x.png */,
			);
			path = Tabs;
			sourceTree = "<group>";
		};
		65B8C676ADECBF2AF88C7F3F /* Products */ = {
			isa = PBXGroup;
			children = (
				65B8C4A0B8D4D8AF67406DC7 /* app.app */,
				65B8C1A5D6DC5349710E26B2 /* appTests.xctest */,
			);
			name = Products;
			path = ../../app;
			sourceTree = "<group>";
		};
		65B8CA604BA644D79FE5DADA /* watch */ = {
			isa = PBXGroup;
			children = (
				5EB87DEC19DA2E5D00A4F5EF /* WatchPlayerController.h */,
				5EB87DED19DA2E5D00A4F5EF /* WatchPlayerController.m */,
			);
			name = watch;
			sourceTree = "<group>";
		};
		65B8CB0736F7CD93977D8DFD /* Resources */ = {
			isa = PBXGroup;
			children = (
				5ECEE7A519C84CC0002E71F7 /* gridview */,
				5ECEE7A219C84B1E002E71F7 /* test */,
				65B8C438B748B20C1EA8FEBE /* Tabs */,
			);
			path = Resources;
			sourceTree = "<group>";
		};
/* End PBXGroup section */

/* Begin PBXNativeTarget section */
		5E2D94D219A1C7F200C9EB16 /* app */ = {
			isa = PBXNativeTarget;
			buildConfigurationList = 5E2D950519A1C7F200C9EB16 /* Build configuration list for PBXNativeTarget "app" */;
			buildPhases = (
				294F64D63E0742919DF3A341 /* Check Pods Manifest.lock */,
				5E2D94CF19A1C7F200C9EB16 /* Sources */,
				5E2D94D019A1C7F200C9EB16 /* Frameworks */,
				5E2D94D119A1C7F200C9EB16 /* Resources */,
				A0E048CBE5C046F5A5B3FD0A /* Copy Pods Resources */,
			);
			buildRules = (
			);
			dependencies = (
			);
			name = app;
			productName = app;
			productType = "com.apple.product-type.application";
		};
		5E2D94F219A1C7F200C9EB16 /* appTests */ = {
			isa = PBXNativeTarget;
			buildConfigurationList = 5E2D950819A1C7F200C9EB16 /* Build configuration list for PBXNativeTarget "appTests" */;
			buildPhases = (
				5E2D94EF19A1C7F200C9EB16 /* Sources */,
				5E2D94F019A1C7F200C9EB16 /* Frameworks */,
				5E2D94F119A1C7F200C9EB16 /* Resources */,
			);
			buildRules = (
			);
			dependencies = (
				5E2D94FA19A1C7F200C9EB16 /* PBXTargetDependency */,
			);
			name = appTests;
			productName = appTests;
			productType = "com.apple.product-type.bundle.unit-test";
		};
/* End PBXNativeTarget section */

/* Begin PBXProject section */
		5E2D94CB19A1C7F200C9EB16 /* Project object */ = {
			isa = PBXProject;
			attributes = {
				LastUpgradeCheck = 0510;
				ORGANIZATIONNAME = xinma;
				TargetAttributes = {
					5E2D94D219A1C7F200C9EB16 = {
						DevelopmentTeam = VCRS784KF3;
					};
					5E2D94F219A1C7F200C9EB16 = {
						TestTargetID = 5E2D94D219A1C7F200C9EB16;
					};
				};
			};
			buildConfigurationList = 5E2D94CE19A1C7F200C9EB16 /* Build configuration list for PBXProject "app" */;
			compatibilityVersion = "Xcode 3.2";
			developmentRegion = English;
			hasScannedForEncodings = 0;
			knownRegions = (
				en,
			);
			mainGroup = 5E2D94CA19A1C7F200C9EB16;
			projectDirPath = "";
			projectRoot = "";
			targets = (
				5E2D94D219A1C7F200C9EB16 /* app */,
				5E2D94F219A1C7F200C9EB16 /* appTests */,
			);
		};
/* End PBXProject section */

/* Begin PBXResourcesBuildPhase section */
		5E2D94D119A1C7F200C9EB16 /* Resources */ = {
			isa = PBXResourcesBuildPhase;
			buildActionMask = 2147483647;
			files = (
				5E2D94E319A1C7F200C9EB16 /* InfoPlist.strings in Resources */,
				5E2D94EE19A1C7F200C9EB16 /* Images.xcassets in Resources */,
				65B8C4A90756A16C79A27B89 /* Main_iPad.storyboard in Resources */,
				65B8C46F1E00C0509FF1D082 /* Main_iPhone.storyboard in Resources */,
				5ECEE7AC19C84CC9002E71F7 /* mt_video_view_count.png in Resources */,
				5ECEE7A419C84B27002E71F7 /* cover.png in Resources */,
				5ECEE79F19C848A0002E71F7 /* IpadGridViewCell.xib in Resources */,
				5ECEE7AD19C84CC9002E71F7 /* mt_video_view_count@2x.png in Resources */,
				5ECEE7AA19C84CC9002E71F7 /* mt_video_rating_count.png in Resources */,
				5ECEE7AB19C84CC9002E71F7 /* mt_video_rating_count@2x.png in Resources */,
				5ECEE7AF19C84DE5002E71F7 /* header.png in Resources */,
				65B8C8A45CF379E9F0F16E1B /* tab_home.png in Resources */,
				65B8C00559DE91DB46A39122 /* tab_more.png in Resources */,
				65B8C190C1609AA1D6BD479A /* tab_cache.png in Resources */,
				65B8C3E97512AC3361B02D6A /* tab_history.png in Resources */,
				65B8C66EA04CEE90531EAF5F /* tab_home@2x.png in Resources */,
				65B8CDCDBA585EBE3D41A2B0 /* tab_more@2x.png in Resources */,
				65B8CB90B08F3A8F2126A8B6 /* tab_cache@2x.png in Resources */,
				65B8C519C986899AA7276F3F /* tab_history@2x.png in Resources */,
				65B8CF9645A0147D477CF54A /* tab_search.png in Resources */,
				65B8CED63133E9D79A0EA12D /* tab_search@2x.png in Resources */,
			);
			runOnlyForDeploymentPostprocessing = 0;
		};
		5E2D94F119A1C7F200C9EB16 /* Resources */ = {
			isa = PBXResourcesBuildPhase;
			buildActionMask = 2147483647;
			files = (
				5E2D950019A1C7F200C9EB16 /* InfoPlist.strings in Resources */,
			);
			runOnlyForDeploymentPostprocessing = 0;
		};
/* End PBXResourcesBuildPhase section */

/* Begin PBXShellScriptBuildPhase section */
		294F64D63E0742919DF3A341 /* Check Pods Manifest.lock */ = {
			isa = PBXShellScriptBuildPhase;
			buildActionMask = 2147483647;
			files = (
			);
			inputPaths = (
			);
			name = "Check Pods Manifest.lock";
			outputPaths = (
			);
			runOnlyForDeploymentPostprocessing = 0;
			shellPath = /bin/sh;
			shellScript = "diff \"${PODS_ROOT}/../Podfile.lock\" \"${PODS_ROOT}/Manifest.lock\" > /dev/null\nif [[ $? != 0 ]] ; then\n    cat << EOM\nerror: The sandbox is not in sync with the Podfile.lock. Run 'pod install' or update your CocoaPods installation.\nEOM\n    exit 1\nfi\n";
			showEnvVarsInLog = 0;
		};
		A0E048CBE5C046F5A5B3FD0A /* Copy Pods Resources */ = {
			isa = PBXShellScriptBuildPhase;
			buildActionMask = 2147483647;
			files = (
			);
			inputPaths = (
			);
			name = "Copy Pods Resources";
			outputPaths = (
			);
			runOnlyForDeploymentPostprocessing = 0;
			shellPath = /bin/sh;
			shellScript = "\"${SRCROOT}/Pods/Target Support Files/Pods/Pods-resources.sh\"\n";
			showEnvVarsInLog = 0;
		};
/* End PBXShellScriptBuildPhase section */

/* Begin PBXSourcesBuildPhase section */
		5E2D94CF19A1C7F200C9EB16 /* Sources */ = {
			isa = PBXSourcesBuildPhase;
			buildActionMask = 2147483647;
			files = (
				5E2D94E919A1C7F200C9EB16 /* AppDelegate.m in Sources */,
				5E2D94E519A1C7F200C9EB16 /* main.m in Sources */,
				5EB87DEE19DA2E5D00A4F5EF /* WatchPlayerController.m in Sources */,
				5E2D94EC19A1C7F200C9EB16 /* app.xcdatamodeld in Sources */,
				65B8CA7CCA08CCDD017A6DED /* SearchViewController.m in Sources */,
				5ECEE79D19C8488F002E71F7 /* IpadGridViewCell.m in Sources */,
				65B8CD9AA4E07D901583CF2F /* HistoryViewController.m in Sources */,
				65B8C0E49C5596D74565FEBF /* ViewController.m in Sources */,
				65B8C6450ABFF8908139C17D /* HomeViewController.m in Sources */,
			);
			runOnlyForDeploymentPostprocessing = 0;
		};
		5E2D94EF19A1C7F200C9EB16 /* Sources */ = {
			isa = PBXSourcesBuildPhase;
			buildActionMask = 2147483647;
			files = (
				5E2D950219A1C7F200C9EB16 /* appTests.m in Sources */,
			);
			runOnlyForDeploymentPostprocessing = 0;
		};
/* End PBXSourcesBuildPhase section */

/* Begin PBXTargetDependency section */
		5E2D94FA19A1C7F200C9EB16 /* PBXTargetDependency */ = {
			isa = PBXTargetDependency;
			target = 5E2D94D219A1C7F200C9EB16 /* app */;
			targetProxy = 5E2D94F919A1C7F200C9EB16 /* PBXContainerItemProxy */;
		};
/* End PBXTargetDependency section */

/* Begin PBXVariantGroup section */
		5E2D94E119A1C7F200C9EB16 /* InfoPlist.strings */ = {
			isa = PBXVariantGroup;
			children = (
				5E2D94E219A1C7F200C9EB16 /* en */,
			);
			name = InfoPlist.strings;
			sourceTree = "<group>";
		};
		5E2D94FE19A1C7F200C9EB16 /* InfoPlist.strings */ = {
			isa = PBXVariantGroup;
			children = (
				5E2D94FF19A1C7F200C9EB16 /* en */,
			);
			name = InfoPlist.strings;
			sourceTree = "<group>";
		};
		65B8C69DD46ECBC9FC90413E /* Main_iPad.storyboard */ = {
			isa = PBXVariantGroup;
			children = (
				65B8CB2418B910E8C9318F11 /* Base */,
			);
			name = Main_iPad.storyboard;
			sourceTree = "<group>";
		};
		65B8CF27507B833BB83809DD /* Main_iPhone.storyboard */ = {
			isa = PBXVariantGroup;
			children = (
				65B8CD04FE957C4CE7838109 /* Base */,
			);
			name = Main_iPhone.storyboard;
			sourceTree = "<group>";
		};
/* End PBXVariantGroup section */

/* Begin XCBuildConfiguration section */
		5E2D950319A1C7F200C9EB16 /* Debug */ = {
			isa = XCBuildConfiguration;
			buildSettings = {
				ALWAYS_SEARCH_USER_PATHS = NO;
				CLANG_CXX_LANGUAGE_STANDARD = "gnu++0x";
				CLANG_CXX_LIBRARY = "libc++";
				CLANG_ENABLE_MODULES = YES;
				CLANG_ENABLE_OBJC_ARC = YES;
				CLANG_WARN_BOOL_CONVERSION = YES;
				CLANG_WARN_CONSTANT_CONVERSION = YES;
				CLANG_WARN_DIRECT_OBJC_ISA_USAGE = YES_ERROR;
				CLANG_WARN_EMPTY_BODY = YES;
				CLANG_WARN_ENUM_CONVERSION = YES;
				CLANG_WARN_INT_CONVERSION = YES;
				CLANG_WARN_OBJC_ROOT_CLASS = YES_ERROR;
				CLANG_WARN__DUPLICATE_METHOD_MATCH = YES;
				"CODE_SIGN_IDENTITY[sdk=iphoneos*]" = "iPhone Developer";
				COPY_PHASE_STRIP = NO;
				GCC_C_LANGUAGE_STANDARD = gnu99;
				GCC_DYNAMIC_NO_PIC = NO;
				GCC_OPTIMIZATION_LEVEL = 0;
				GCC_PREPROCESSOR_DEFINITIONS = (
					"DEBUG=1",
					"$(inherited)",
				);
				GCC_SYMBOLS_PRIVATE_EXTERN = NO;
				GCC_WARN_64_TO_32_BIT_CONVERSION = YES;
				GCC_WARN_ABOUT_RETURN_TYPE = YES_ERROR;
				GCC_WARN_UNDECLARED_SELECTOR = YES;
				GCC_WARN_UNINITIALIZED_AUTOS = YES_AGGRESSIVE;
				GCC_WARN_UNUSED_FUNCTION = YES;
				GCC_WARN_UNUSED_VARIABLE = YES;
				IPHONEOS_DEPLOYMENT_TARGET = 7.1;
				ONLY_ACTIVE_ARCH = YES;
				SDKROOT = iphoneos;
				TARGETED_DEVICE_FAMILY = "1,2";
			};
			name = Debug;
		};
		5E2D950419A1C7F200C9EB16 /* Release */ = {
			isa = XCBuildConfiguration;
			buildSettings = {
				ALWAYS_SEARCH_USER_PATHS = NO;
				CLANG_CXX_LANGUAGE_STANDARD = "gnu++0x";
				CLANG_CXX_LIBRARY = "libc++";
				CLANG_ENABLE_MODULES = YES;
				CLANG_ENABLE_OBJC_ARC = YES;
				CLANG_WARN_BOOL_CONVERSION = YES;
				CLANG_WARN_CONSTANT_CONVERSION = YES;
				CLANG_WARN_DIRECT_OBJC_ISA_USAGE = YES_ERROR;
				CLANG_WARN_EMPTY_BODY = YES;
				CLANG_WARN_ENUM_CONVERSION = YES;
				CLANG_WARN_INT_CONVERSION = YES;
				CLANG_WARN_OBJC_ROOT_CLASS = YES_ERROR;
				CLANG_WARN__DUPLICATE_METHOD_MATCH = YES;
				"CODE_SIGN_IDENTITY[sdk=iphoneos*]" = "iPhone Developer";
				COPY_PHASE_STRIP = YES;
				ENABLE_NS_ASSERTIONS = NO;
				GCC_C_LANGUAGE_STANDARD = gnu99;
				GCC_WARN_64_TO_32_BIT_CONVERSION = YES;
				GCC_WARN_ABOUT_RETURN_TYPE = YES_ERROR;
				GCC_WARN_UNDECLARED_SELECTOR = YES;
				GCC_WARN_UNINITIALIZED_AUTOS = YES_AGGRESSIVE;
				GCC_WARN_UNUSED_FUNCTION = YES;
				GCC_WARN_UNUSED_VARIABLE = YES;
				IPHONEOS_DEPLOYMENT_TARGET = 7.1;
				SDKROOT = iphoneos;
				TARGETED_DEVICE_FAMILY = "1,2";
				VALIDATE_PRODUCT = YES;
			};
			name = Release;
		};
		5E2D950619A1C7F200C9EB16 /* Debug */ = {
			isa = XCBuildConfiguration;
			baseConfigurationReference = DB77B0A9E568702B2BC13870 /* Pods.debug.xcconfig */;
			buildSettings = {
				ASSETCATALOG_COMPILER_APPICON_NAME = AppIcon;
				ASSETCATALOG_COMPILER_LAUNCHIMAGE_NAME = LaunchImage;
				CODE_SIGN_IDENTITY = "iPhone Developer";
				GCC_PRECOMPILE_PREFIX_HEADER = YES;
				GCC_PREFIX_HEADER = "app/app-Prefix.pch";
				INFOPLIST_FILE = "app/app-Info.plist";
				IPHONEOS_DEPLOYMENT_TARGET = 7.0;
				PRODUCT_NAME = "$(TARGET_NAME)";
				USER_HEADER_SEARCH_PATHS = "\"${PROJECT_DIR}/Pods\"/**";
				WRAPPER_EXTENSION = app;
			};
			name = Debug;
		};
		5E2D950719A1C7F200C9EB16 /* Release */ = {
			isa = XCBuildConfiguration;
			baseConfigurationReference = 498C4A8E7461F2089155F0B8 /* Pods.release.xcconfig */;
			buildSettings = {
				ASSETCATALOG_COMPILER_APPICON_NAME = AppIcon;
				ASSETCATALOG_COMPILER_LAUNCHIMAGE_NAME = LaunchImage;
				CODE_SIGN_IDENTITY = "iPhone Developer";
				GCC_PRECOMPILE_PREFIX_HEADER = YES;
				GCC_PREFIX_HEADER = "app/app-Prefix.pch";
				INFOPLIST_FILE = "app/app-Info.plist";
				IPHONEOS_DEPLOYMENT_TARGET = 7.0;
				PRODUCT_NAME = "$(TARGET_NAME)";
				USER_HEADER_SEARCH_PATHS = "\"${PROJECT_DIR}/Pods\"/**";
				WRAPPER_EXTENSION = app;
			};
			name = Release;
		};
		5E2D950919A1C7F200C9EB16 /* Debug */ = {
			isa = XCBuildConfiguration;
			buildSettings = {
				BUNDLE_LOADER = "$(BUILT_PRODUCTS_DIR)/app.app/app";
				FRAMEWORK_SEARCH_PATHS = (
					"$(SDKROOT)/Developer/Library/Frameworks",
					"$(inherited)",
					"$(DEVELOPER_FRAMEWORKS_DIR)",
				);
				GCC_PRECOMPILE_PREFIX_HEADER = YES;
				GCC_PREFIX_HEADER = "app/app-Prefix.pch";
				GCC_PREPROCESSOR_DEFINITIONS = (
					"DEBUG=1",
					"$(inherited)",
				);
				INFOPLIST_FILE = "appTests/appTests-Info.plist";
				PRODUCT_NAME = "$(TARGET_NAME)";
				TEST_HOST = "$(BUNDLE_LOADER)";
				WRAPPER_EXTENSION = xctest;
			};
			name = Debug;
		};
		5E2D950A19A1C7F200C9EB16 /* Release */ = {
			isa = XCBuildConfiguration;
			buildSettings = {
				BUNDLE_LOADER = "$(BUILT_PRODUCTS_DIR)/app.app/app";
				FRAMEWORK_SEARCH_PATHS = (
					"$(SDKROOT)/Developer/Library/Frameworks",
					"$(inherited)",
					"$(DEVELOPER_FRAMEWORKS_DIR)",
				);
				GCC_PRECOMPILE_PREFIX_HEADER = YES;
				GCC_PREFIX_HEADER = "app/app-Prefix.pch";
				INFOPLIST_FILE = "appTests/appTests-Info.plist";
				PRODUCT_NAME = "$(TARGET_NAME)";
				TEST_HOST = "$(BUNDLE_LOADER)";
				WRAPPER_EXTENSION = xctest;
			};
			name = Release;
		};
/* End XCBuildConfiguration section */

/* Begin XCConfigurationList section */
		5E2D94CE19A1C7F200C9EB16 /* Build configuration list for PBXProject "app" */ = {
			isa = XCConfigurationList;
			buildConfigurations = (
				5E2D950319A1C7F200C9EB16 /* Debug */,
				5E2D950419A1C7F200C9EB16 /* Release */,
			);
			defaultConfigurationIsVisible = 0;
			defaultConfigurationName = Release;
		};
		5E2D950519A1C7F200C9EB16 /* Build configuration list for PBXNativeTarget "app" */ = {
			isa = XCConfigurationList;
			buildConfigurations = (
				5E2D950619A1C7F200C9EB16 /* Debug */,
				5E2D950719A1C7F200C9EB16 /* Release */,
			);
			defaultConfigurationIsVisible = 0;
			defaultConfigurationName = Release;
		};
		5E2D950819A1C7F200C9EB16 /* Build configuration list for PBXNativeTarget "appTests" */ = {
			isa = XCConfigurationList;
			buildConfigurations = (
				5E2D950919A1C7F200C9EB16 /* Debug */,
				5E2D950A19A1C7F200C9EB16 /* Release */,
			);
			defaultConfigurationIsVisible = 0;
			defaultConfigurationName = Release;
		};
/* End XCConfigurationList section */

/* Begin XCVersionGroup section */
		5E2D94EA19A1C7F200C9EB16 /* app.xcdatamodeld */ = {
			isa = XCVersionGroup;
			children = (
				5E2D94EB19A1C7F200C9EB16 /* app.xcdatamodel */,
			);
			currentVersion = 5E2D94EB19A1C7F200C9EB16 /* app.xcdatamodel */;
			path = app.xcdatamodeld;
			sourceTree = "<group>";
			versionGroupType = wrapper.xcdatamodel;
		};
/* End XCVersionGroup section */
	};
	rootObject = 5E2D94CB19A1C7F200C9EB16 /* Project object */;
}
